
Microsoft Visual Studio Solution File, Format Version 12.00
# Visual Studio 15
VisualStudioVersion = 15.0.26228.9
MinimumVisualStudioVersion = 10.0.40219.1
Project("{9A19103F-16F7-4668-BE54-9A1E7A4F7556}") = "Sesame", "Sesame\Sesame.csproj", "{EEF55FA0-688F-4B88-822F-0B6FEBD3172A}"
EndProject
Project("{9A19103F-16F7-4668-BE54-9A1E7A4F7556}") = "SesameTest", "SesameTest\SesameTest.csproj", "{1DE67BAB-9728-47FD-92DF-28B0BA3101AF}"
EndProject
Global
	GlobalSection(SolutionConfigurationPlatforms) = preSolution
		Debug|Any CPU = Debug|Any CPU
		Release|Any CPU = Release|Any CPU
	EndGlobalSection
	GlobalSection(ProjectConfigurationPlatforms) = postSolution
		{EEF55FA0-688F-4B88-822F-0B6FEBD3172A}.Debug|Any CPU.ActiveCfg = Debug|Any CPU
		{EEF55FA0-688F-4B88-822F-0B6FEBD3172A}.Debug|Any CPU.Build.0 = Debug|Any CPU
		{EEF55FA0-688F-4B88-822F-0B6FEBD3172A}.Release|Any CPU.ActiveCfg = Release|Any CPU
		{EEF55FA0-688F-4B88-822F-0B6FEBD3172A}.Release|Any CPU.Build.0 = Release|Any CPU
		{1DE67BAB-9728-47FD-92DF-28B0BA3101AF}.Debug|Any CPU.ActiveCfg = Debug|Any CPU
		{1DE67BAB-9728-47FD-92DF-28B0BA3101AF}.Debug|Any CPU.Build.0 = Debug|Any CPU
		{1DE67BAB-9728-47FD-92DF-28B0BA3101AF}.Release|Any CPU.ActiveCfg = Release|Any CPU
		{1DE67BAB-9728-47FD-92DF-28B0BA3101AF}.Release|Any CPU.Build.0 = Release|Any CPU
	EndGlobalSection
	GlobalSection(SolutionProperties) = preSolution
		HideSolutionNode = FALSE
	EndGlobalSection
	GlobalSection(ExtensibilityGlobals) = postSolution
		SolutionGuid = {0A25C5F1-66D0-4304-B200-47E09A3242E0}
	EndGlobalSection
EndGlobal
